
Microsoft Visual Studio Solution File, Format Version 12.00
# Visual Studio Version 17
VisualStudioVersion = 17.7.34221.43
MinimumVisualStudioVersion = 10.0.40219.1
Project("{FAE04EC0-301F-11D3-BF4B-00C04F79EFBC}") = "ConsoleAppDay6Assignment2", "ConsoleAppDay6Assignment2\ConsoleAppDay6Assignment2.csproj", "{A618BDCC-B6A9-4747-AA8A-E120C54C7F56}"
EndProject
Global
	GlobalSection(SolutionConfigurationPlatforms) = preSolution
		Debug|Any CPU = Debug|Any CPU
		Release|Any CPU = Release|Any CPU
	EndGlobalSection
	GlobalSection(ProjectConfigurationPlatforms) = postSolution
		{A618BDCC-B6A9-4747-AA8A-E120C54C7F56}.Debug|Any CPU.ActiveCfg = Debug|Any CPU
		{A618BDCC-B6A9-4747-AA8A-E120C54C7F56}.Debug|Any CPU.Build.0 = Debug|Any CPU
		{A618BDCC-B6A9-4747-AA8A-E120C54C7F56}.Release|Any CPU.ActiveCfg = Release|Any CPU
		{A618BDCC-B6A9-4747-AA8A-E120C54C7F56}.Release|Any CPU.Build.0 = Release|Any CPU
	EndGlobalSection
	GlobalSection(SolutionProperties) = preSolution
		HideSolutionNode = FALSE
	EndGlobalSection
	GlobalSection(ExtensibilityGlobals) = postSolution
		SolutionGuid = {CFBED63F-54FD-434F-A318-071C5885DA4A}
	EndGlobalSection
EndGlobal
